// !$*UTF8*$!
{
	archiveVersion = 1;
	classes = {
	};
	objectVersion = 56;
	objects = {

/* Begin PBXBuildFile section */
		8C0F64512A0C642C00FC6586 /* AppDelegate.swift in Sources */ = {isa = PBXBuildFile; fileRef = 8C0F64502A0C642C00FC6586 /* AppDelegate.swift */; };
		8C0F64532A0C642C00FC6586 /* SceneDelegate.swift in Sources */ = {isa = PBXBuildFile; fileRef = 8C0F64522A0C642C00FC6586 /* SceneDelegate.swift */; };
		8C0F64552A0C642C00FC6586 /* ViewController.swift in Sources */ = {isa = PBXBuildFile; fileRef = 8C0F64542A0C642C00FC6586 /* ViewController.swift */; };
		8C0F64582A0C642C00FC6586 /* Main.storyboard in Resources */ = {isa = PBXBuildFile; fileRef = 8C0F64562A0C642C00FC6586 /* Main.storyboard */; };
		8C0F645A2A0C642D00FC6586 /* Assets.xcassets in Resources */ = {isa = PBXBuildFile; fileRef = 8C0F64592A0C642D00FC6586 /* Assets.xcassets */; };
		8C0F645D2A0C642D00FC6586 /* LaunchScreen.storyboard in Resources */ = {isa = PBXBuildFile; fileRef = 8C0F645B2A0C642D00FC6586 /* LaunchScreen.storyboard */; };
		8C7372CA2A0F14030077CF5D /* HomeViewController.swift in Sources */ = {isa = PBXBuildFile; fileRef = 8C7372C92A0F14030077CF5D /* HomeViewController.swift */; };
		8C76F6862A103E8300FA58D5 /* CellTableViewCell.swift in Sources */ = {isa = PBXBuildFile; fileRef = 8C76F6852A103E8300FA58D5 /* CellTableViewCell.swift */; };
		8C76F6882A10549200FA58D5 /* TransactionViewController.swift in Sources */ = {isa = PBXBuildFile; fileRef = 8C76F6872A10549100FA58D5 /* TransactionViewController.swift */; };
		8C76F68B2A10593600FA58D5 /* Data Model.xcdatamodeld in Sources */ = {isa = PBXBuildFile; fileRef = 8C76F6892A10593600FA58D5 /* Data Model.xcdatamodeld */; };
/* End PBXBuildFile section */

/* Begin PBXFileReference section */
		8C0F644D2A0C642B00FC6586 /* DoughRise Challenge.app */ = {isa = PBXFileReference; explicitFileType = wrapper.application; includeInIndex = 0; path = "DoughRise Challenge.app"; sourceTree = BUILT_PRODUCTS_DIR; };
		8C0F64502A0C642C00FC6586 /* AppDelegate.swift */ = {isa = PBXFileReference; lastKnownFileType = sourcecode.swift; path = AppDelegate.swift; sourceTree = "<group>"; };
		8C0F64522A0C642C00FC6586 /* SceneDelegate.swift */ = {isa = PBXFileReference; lastKnownFileType = sourcecode.swift; path = SceneDelegate.swift; sourceTree = "<group>"; };
		8C0F64542A0C642C00FC6586 /* ViewController.swift */ = {isa = PBXFileReference; lastKnownFileType = sourcecode.swift; path = ViewController.swift; sourceTree = "<group>"; };
		8C0F64572A0C642C00FC6586 /* Base */ = {isa = PBXFileReference; lastKnownFileType = file.storyboard; name = Base; path = Base.lproj/Main.storyboard; sourceTree = "<group>"; };
		8C0F64592A0C642D00FC6586 /* Assets.xcassets */ = {isa = PBXFileReference; lastKnownFileType = folder.assetcatalog; path = Assets.xcassets; sourceTree = "<group>"; };
		8C0F645C2A0C642D00FC6586 /* Base */ = {isa = PBXFileReference; lastKnownFileType = file.storyboard; name = Base; path = Base.lproj/LaunchScreen.storyboard; sourceTree = "<group>"; };
		8C0F645E2A0C642D00FC6586 /* Info.plist */ = {isa = PBXFileReference; lastKnownFileType = text.plist.xml; path = Info.plist; sourceTree = "<group>"; };
		8C7372C92A0F14030077CF5D /* HomeViewController.swift */ = {isa = PBXFileReference; lastKnownFileType = sourcecode.swift; path = HomeViewController.swift; sourceTree = "<group>"; };
		8C76F6852A103E8300FA58D5 /* CellTableViewCell.swift */ = {isa = PBXFileReference; lastKnownFileType = sourcecode.swift; path = CellTableViewCell.swift; sourceTree = "<group>"; };
		8C76F6872A10549100FA58D5 /* TransactionViewController.swift */ = {isa = PBXFileReference; lastKnownFileType = sourcecode.swift; path = TransactionViewController.swift; sourceTree = "<group>"; };
		8C76F68A2A10593600FA58D5 /* Data Model.xcdatamodel */ = {isa = PBXFileReference; lastKnownFileType = wrapper.xcdatamodel; path = "Data Model.xcdatamodel"; sourceTree = "<group>"; };
/* End PBXFileReference section */

/* Begin PBXFrameworksBuildPhase section */
		8C0F644A2A0C642B00FC6586 /* Frameworks */ = {
			isa = PBXFrameworksBuildPhase;
			buildActionMask = 2147483647;
			files = (
			);
			runOnlyForDeploymentPostprocessing = 0;
		};
/* End PBXFrameworksBuildPhase section */

/* Begin PBXGroup section */
		8C0F64442A0C642B00FC6586 = {
			isa = PBXGroup;
			children = (
				8C0F644F2A0C642B00FC6586 /* DoughRise Challenge */,
				8C0F644E2A0C642B00FC6586 /* Products */,
			);
			sourceTree = "<group>";
		};
		8C0F644E2A0C642B00FC6586 /* Products */ = {
			isa = PBXGroup;
			children = (
				8C0F644D2A0C642B00FC6586 /* DoughRise Challenge.app */,
			);
			name = Products;
			sourceTree = "<group>";
		};
		8C0F644F2A0C642B00FC6586 /* DoughRise Challenge */ = {
			isa = PBXGroup;
			children = (
				8C0F64502A0C642C00FC6586 /* AppDelegate.swift */,
				8C0F64522A0C642C00FC6586 /* SceneDelegate.swift */,
				8C7372C82A0F100B0077CF5D /* Controllers */,
				8C0F64562A0C642C00FC6586 /* Main.storyboard */,
				8C0F64592A0C642D00FC6586 /* Assets.xcassets */,
				8C0F645B2A0C642D00FC6586 /* LaunchScreen.storyboard */,
				8C0F645E2A0C642D00FC6586 /* Info.plist */,
			);
			path = "DoughRise Challenge";
			sourceTree = "<group>";
		};
		8C7372C82A0F100B0077CF5D /* Controllers */ = {
			isa = PBXGroup;
			children = (
				8C76F6872A10549100FA58D5 /* TransactionViewController.swift */,
				8C0F64542A0C642C00FC6586 /* ViewController.swift */,
				8C7372C92A0F14030077CF5D /* HomeViewController.swift */,
				8C7372CD2A1001560077CF5D /* Data Model */,
			);
			path = Controllers;
			sourceTree = "<group>";
		};
		8C7372CD2A1001560077CF5D /* Data Model */ = {
			isa = PBXGroup;
			children = (
				8C76F6892A10593600FA58D5 /* Data Model.xcdatamodeld */,
				8C76F6852A103E8300FA58D5 /* CellTableViewCell.swift */,
			);
			path = "Data Model";
			sourceTree = "<group>";
		};
/* End PBXGroup section */

/* Begin PBXNativeTarget section */
		8C0F644C2A0C642B00FC6586 /* DoughRise Challenge */ = {
			isa = PBXNativeTarget;
			buildConfigurationList = 8C0F64612A0C642D00FC6586 /* Build configuration list for PBXNativeTarget "DoughRise Challenge" */;
			buildPhases = (
				8C0F64492A0C642B00FC6586 /* Sources */,
				8C0F644A2A0C642B00FC6586 /* Frameworks */,
				8C0F644B2A0C642B00FC6586 /* Resources */,
			);
			buildRules = (
			);
			dependencies = (
			);
			name = "DoughRise Challenge";
			productName = "DoughRise Challenge";
			productReference = 8C0F644D2A0C642B00FC6586 /* DoughRise Challenge.app */;
			productType = "com.apple.product-type.application";
		};
/* End PBXNativeTarget section */

/* Begin PBXProject section */
		8C0F64452A0C642B00FC6586 /* Project object */ = {
			isa = PBXProject;
			attributes = {
				BuildIndependentTargetsInParallel = 1;
				LastSwiftUpdateCheck = 1410;
				LastUpgradeCheck = 1410;
				TargetAttributes = {
					8C0F644C2A0C642B00FC6586 = {
						CreatedOnToolsVersion = 14.1;
					};
				};
			};
			buildConfigurationList = 8C0F64482A0C642B00FC6586 /* Build configuration list for PBXProject "DoughRise Challenge" */;
			compatibilityVersion = "Xcode 14.0";
			developmentRegion = en;
			hasScannedForEncodings = 0;
			knownRegions = (
				en,
				Base,
			);
			mainGroup = 8C0F64442A0C642B00FC6586;
			productRefGroup = 8C0F644E2A0C642B00FC6586 /* Products */;
			projectDirPath = "";
			projectRoot = "";
			targets = (
				8C0F644C2A0C642B00FC6586 /* DoughRise Challenge */,
			);
		};
/* End PBXProject section */

/* Begin PBXResourcesBuildPhase section */
		8C0F644B2A0C642B00FC6586 /* Resources */ = {
			isa = PBXResourcesBuildPhase;
			buildActionMask = 2147483647;
			files = (
				8C0F645D2A0C642D00FC6586 /* LaunchScreen.storyboard in Resources */,
				8C0F645A2A0C642D00FC6586 /* Assets.xcassets in Resources */,
				8C0F64582A0C642C00FC6586 /* Main.storyboard in Resources */,
			);
			runOnlyForDeploymentPostprocessing = 0;
		};
/* End PBXResourcesBuildPhase section */

/* Begin PBXSourcesBuildPhase section */
		8C0F64492A0C642B00FC6586 /* Sources */ = {
			isa = PBXSourcesBuildPhase;
			buildActionMask = 2147483647;
			files = (
				8C0F64552A0C642C00FC6586 /* ViewController.swift in Sources */,
				8C76F6882A10549200FA58D5 /* TransactionViewController.swift in Sources */,
				8C76F68B2A10593600FA58D5 /* Data Model.xcdatamodeld in Sources */,
				8C0F64512A0C642C00FC6586 /* AppDelegate.swift in Sources */,
				8C76F6862A103E8300FA58D5 /* CellTableViewCell.swift in Sources */,
				8C0F64532A0C642C00FC6586 /* SceneDelegate.swift in Sources */,
				8C7372CA2A0F14030077CF5D /* HomeViewController.swift in Sources */,
			);
			runOnlyForDeploymentPostprocessing = 0;
		};
/* End PBXSourcesBuildPhase section */

/* Begin PBXVariantGroup section */
		8C0F64562A0C642C00FC6586 /* Main.storyboard */ = {
			isa = PBXVariantGroup;
			children = (
				8C0F64572A0C642C00FC6586 /* Base */,
			);
			name = Main.storyboard;
			sourceTree = "<group>";
		};
		8C0F645B2A0C642D00FC6586 /* LaunchScreen.storyboard */ = {
			isa = PBXVariantGroup;
			children = (
				8C0F645C2A0C642D00FC6586 /* Base */,
			);
			name = LaunchScreen.storyboard;
			sourceTree = "<group>";
		};
/* End PBXVariantGroup section */

/* Begin XCBuildConfiguration section */
		8C0F645F2A0C642D00FC6586 /* Debug */ = {
			isa = XCBuildConfiguration;
			buildSettings = {
				ALWAYS_SEARCH_USER_PATHS = NO;
				CLANG_ANALYZER_NONNULL = YES;
				CLANG_ANALYZER_NUMBER_OBJECT_CONVERSION = YES_AGGRESSIVE;
				CLANG_CXX_LANGUAGE_STANDARD = "gnu++20";
				CLANG_ENABLE_MODULES = YES;
				CLANG_ENABLE_OBJC_ARC = YES;
				CLANG_ENABLE_OBJC_WEAK = YES;
				CLANG_WARN_BLOCK_CAPTURE_AUTORELEASING = YES;
				CLANG_WARN_BOOL_CONVERSION = YES;
				CLANG_WARN_COMMA = YES;
				CLANG_WARN_CONSTANT_CONVERSION = YES;
				CLANG_WARN_DEPRECATED_OBJC_IMPLEMENTATIONS = YES;
				CLANG_WARN_DIRECT_OBJC_ISA_USAGE = YES_ERROR;
				CLANG_WARN_DOCUMENTATION_COMMENTS = YES;
				CLANG_WARN_EMPTY_BODY = YES;
				CLANG_WARN_ENUM_CONVERSION = YES;
				CLANG_WARN_INFINITE_RECURSION = YES;
				CLANG_WARN_INT_CONVERSION = YES;
				CLANG_WARN_NON_LITERAL_NULL_CONVERSION = YES;
				CLANG_WARN_OBJC_IMPLICIT_RETAIN_SELF = YES;
				CLANG_WARN_OBJC_LITERAL_CONVERSION = YES;
				CLANG_WARN_OBJC_ROOT_CLASS = YES_ERROR;
				CLANG_WARN_QUOTED_INCLUDE_IN_FRAMEWORK_HEADER = YES;
				CLANG_WARN_RANGE_LOOP_ANALYSIS = YES;
				CLANG_WARN_STRICT_PROTOTYPES = YES;
				CLANG_WARN_SUSPICIOUS_MOVE = YES;
				CLANG_WARN_UNGUARDED_AVAILABILITY = YES_AGGRESSIVE;
				CLANG_WARN_UNREACHABLE_CODE = YES;
				CLANG_WARN__DUPLICATE_METHOD_MATCH = YES;
				COPY_PHASE_STRIP = NO;
				DEBUG_INFORMATION_FORMAT = dwarf;
				ENABLE_STRICT_OBJC_MSGSEND = YES;
				ENABLE_TESTABILITY = YES;
				GCC_C_LANGUAGE_STANDARD = gnu11;
				GCC_DYNAMIC_NO_PIC = NO;
				GCC_NO_COMMON_BLOCKS = YES;
				GCC_OPTIMIZATION_LEVEL = 0;
				GCC_PREPROCESSOR_DEFINITIONS = (
					"DEBUG=1",
					"$(inherited)",
				);
				GCC_WARN_64_TO_32_BIT_CONVERSION = YES;
				GCC_WARN_ABOUT_RETURN_TYPE = YES_ERROR;
				GCC_WARN_UNDECLARED_SELECTOR = YES;
				GCC_WARN_UNINITIALIZED_AUTOS = YES_AGGRESSIVE;
				GCC_WARN_UNUSED_FUNCTION = YES;
				GCC_WARN_UNUSED_VARIABLE = YES;
				IPHONEOS_DEPLOYMENT_TARGET = 16.1;
				MTL_ENABLE_DEBUG_INFO = INCLUDE_SOURCE;
				MTL_FAST_MATH = YES;
				ONLY_ACTIVE_ARCH = YES;
				SDKROOT = iphoneos;
				SWIFT_ACTIVE_COMPILATION_CONDITIONS = DEBUG;
				SWIFT_OPTIMIZATION_LEVEL = "-Onone";
			};
			name = Debug;
		};
		8C0F64602A0C642D00FC6586 /* Release */ = {
			isa = XCBuildConfiguration;
			buildSettings = {
				ALWAYS_SEARCH_USER_PATHS = NO;
				CLANG_ANALYZER_NONNULL = YES;
				CLANG_ANALYZER_NUMBER_OBJECT_CONVERSION = YES_AGGRESSIVE;
				CLANG_CXX_LANGUAGE_STANDARD = "gnu++20";
				CLANG_ENABLE_MODULES = YES;
				CLANG_ENABLE_OBJC_ARC = YES;
				CLANG_ENABLE_OBJC_WEAK = YES;
				CLANG_WARN_BLOCK_CAPTURE_AUTORELEASING = YES;
				CLANG_WARN_BOOL_CONVERSION = YES;
				CLANG_WARN_COMMA = YES;
				CLANG_WARN_CONSTANT_CONVERSION = YES;
				CLANG_WARN_DEPRECATED_OBJC_IMPLEMENTATIONS = YES;
				CLANG_WARN_DIRECT_OBJC_ISA_USAGE = YES_ERROR;
				CLANG_WARN_DOCUMENTATION_COMMENTS = YES;
				CLANG_WARN_EMPTY_BODY = YES;
				CLANG_WARN_ENUM_CONVERSION = YES;
				CLANG_WARN_INFINITE_RECURSION = YES;
				CLANG_WARN_INT_CONVERSION = YES;
				CLANG_WARN_NON_LITERAL_NULL_CONVERSION = YES;
				CLANG_WARN_OBJC_IMPLICIT_RETAIN_SELF = YES;
				CLANG_WARN_OBJC_LITERAL_CONVERSION = YES;
				CLANG_WARN_OBJC_ROOT_CLASS = YES_ERROR;
				CLANG_WARN_QUOTED_INCLUDE_IN_FRAMEWORK_HEADER = YES;
				CLANG_WARN_RANGE_LOOP_ANALYSIS = YES;
				CLANG_WARN_STRICT_PROTOTYPES = YES;
				CLANG_WARN_SUSPICIOUS_MOVE = YES;
				CLANG_WARN_UNGUARDED_AVAILABILITY = YES_AGGRESSIVE;
				CLANG_WARN_UNREACHABLE_CODE = YES;
				CLANG_WARN__DUPLICATE_METHOD_MATCH = YES;
				COPY_PHASE_STRIP = NO;
				DEBUG_INFORMATION_FORMAT = "dwarf-with-dsym";
				ENABLE_NS_ASSERTIONS = NO;
				ENABLE_STRICT_OBJC_MSGSEND = YES;
				GCC_C_LANGUAGE_STANDARD = gnu11;
				GCC_NO_COMMON_BLOCKS = YES;
				GCC_WARN_64_TO_32_BIT_CONVERSION = YES;
				GCC_WARN_ABOUT_RETURN_TYPE = YES_ERROR;
				GCC_WARN_UNDECLARED_SELECTOR = YES;
				GCC_WARN_UNINITIALIZED_AUTOS = YES_AGGRESSIVE;
				GCC_WARN_UNUSED_FUNCTION = YES;
				GCC_WARN_UNUSED_VARIABLE = YES;
				IPHONEOS_DEPLOYMENT_TARGET = 16.1;
				MTL_ENABLE_DEBUG_INFO = NO;
				MTL_FAST_MATH = YES;
				SDKROOT = iphoneos;
				SWIFT_COMPILATION_MODE = wholemodule;
				SWIFT_OPTIMIZATION_LEVEL = "-O";
				VALIDATE_PRODUCT = YES;
			};
			name = Release;
		};
		8C0F64622A0C642D00FC6586 /* Debug */ = {
			isa = XCBuildConfiguration;
			buildSettings = {
				ASSETCATALOG_COMPILER_APPICON_NAME = AppIcon;
				ASSETCATALOG_COMPILER_GLOBAL_ACCENT_COLOR_NAME = AccentColor;
				CODE_SIGN_STYLE = Automatic;
				CURRENT_PROJECT_VERSION = 1;
				GENERATE_INFOPLIST_FILE = YES;
				INFOPLIST_FILE = "DoughRise Challenge/Info.plist";
				INFOPLIST_KEY_UIApplicationSupportsIndirectInputEvents = YES;
				INFOPLIST_KEY_UILaunchStoryboardName = LaunchScreen;
				INFOPLIST_KEY_UIMainStoryboardFile = Main;
				INFOPLIST_KEY_UISupportedInterfaceOrientations_iPad = "UIInterfaceOrientationPortrait UIInterfaceOrientationPortraitUpsideDown UIInterfaceOrientationLandscapeLeft UIInterfaceOrientationLandscapeRight";
				INFOPLIST_KEY_UISupportedInterfaceOrientations_iPhone = "UIInterfaceOrientationPortrait UIInterfaceOrientationLandscapeLeft UIInterfaceOrientationLandscapeRight";
				LD_RUNPATH_SEARCH_PATHS = (
					"$(inherited)",
					"@executable_path/Frameworks",
				);
				MARKETING_VERSION = 1.0;
				PRODUCT_BUNDLE_IDENTIFIER = "com.prestinlau.DoughRise-Challenge";
				PRODUCT_NAME = "$(TARGET_NAME)";
				SWIFT_EMIT_LOC_STRINGS = YES;
				SWIFT_VERSION = 5.0;
				TARGETED_DEVICE_FAMILY = "1,2";
			};
			name = Debug;
		};
		8C0F64632A0C642D00FC6586 /* Release */ = {
			isa = XCBuildConfiguration;
			buildSettings = {
				ASSETCATALOG_COMPILER_APPICON_NAME = AppIcon;
				ASSETCATALOG_COMPILER_GLOBAL_ACCENT_COLOR_NAME = AccentColor;
				CODE_SIGN_STYLE = Automatic;
				CURRENT_PROJECT_VERSION = 1;
				GENERATE_INFOPLIST_FILE = YES;
				INFOPLIST_FILE = "DoughRise Challenge/Info.plist";
				INFOPLIST_KEY_UIApplicationSupportsIndirectInputEvents = YES;
				INFOPLIST_KEY_UILaunchStoryboardName = LaunchScreen;
				INFOPLIST_KEY_UIMainStoryboardFile = Main;
				INFOPLIST_KEY_UISupportedInterfaceOrientations_iPad = "UIInterfaceOrientationPortrait UIInterfaceOrientationPortraitUpsideDown UIInterfaceOrientationLandscapeLeft UIInterfaceOrientationLandscapeRight";
				INFOPLIST_KEY_UISupportedInterfaceOrientations_iPhone = "UIInterfaceOrientationPortrait UIInterfaceOrientationLandscapeLeft UIInterfaceOrientationLandscapeRight";
				LD_RUNPATH_SEARCH_PATHS = (
					"$(inherited)",
					"@executable_path/Frameworks",
				);
				MARKETING_VERSION = 1.0;
				PRODUCT_BUNDLE_IDENTIFIER = "com.prestinlau.DoughRise-Challenge";
				PRODUCT_NAME = "$(TARGET_NAME)";
				SWIFT_EMIT_LOC_STRINGS = YES;
				SWIFT_VERSION = 5.0;
				TARGETED_DEVICE_FAMILY = "1,2";
			};
			name = Release;
		};
/* End XCBuildConfiguration section */

/* Begin XCConfigurationList section */
		8C0F64482A0C642B00FC6586 /* Build configuration list for PBXProject "DoughRise Challenge" */ = {
			isa = XCConfigurationList;
			buildConfigurations = (
				8C0F645F2A0C642D00FC6586 /* Debug */,
				8C0F64602A0C642D00FC6586 /* Release */,
			);
			defaultConfigurationIsVisible = 0;
			defaultConfigurationName = Release;
		};
		8C0F64612A0C642D00FC6586 /* Build configuration list for PBXNativeTarget "DoughRise Challenge" */ = {
			isa = XCConfigurationList;
			buildConfigurations = (
				8C0F64622A0C642D00FC6586 /* Debug */,
				8C0F64632A0C642D00FC6586 /* Release */,
			);
			defaultConfigurationIsVisible = 0;
			defaultConfigurationName = Release;
		};
/* End XCConfigurationList section */

/* Begin XCVersionGroup section */
		8C76F6892A10593600FA58D5 /* Data Model.xcdatamodeld */ = {
			isa = XCVersionGroup;
			children = (
				8C76F68A2A10593600FA58D5 /* Data Model.xcdatamodel */,
			);
			currentVersion = 8C76F68A2A10593600FA58D5 /* Data Model.xcdatamodel */;
			name = "Data Model.xcdatamodeld";
			path = "../../Data Model.xcdatamodeld";
			sourceTree = "<group>";
			versionGroupType = wrapper.xcdatamodel;
		};
/* End XCVersionGroup section */
	};
	rootObject = 8C0F64452A0C642B00FC6586 /* Project object */;
}
